
Microsoft Visual Studio Solution File, Format Version 12.00
# Visual Studio 15
VisualStudioVersion = 15.0.26124.0
MinimumVisualStudioVersion = 15.0.26124.0
Project("{2150E333-8FDC-42A3-9474-1A3956D46DE8}") = "src", "src", "{E7399C0B-BA25-4A4E-B97D-14CE02EFD9C6}"
EndProject
Project("{2150E333-8FDC-42A3-9474-1A3956D46DE8}") = "tests", "tests", "{0BC23F20-C0FA-417F-8CFB-EE50B82C89DE}"
EndProject
Project("{FAE04EC0-301F-11D3-BF4B-00C04F79EFBC}") = "Apocryph.Consensus", "src\Apocryph.Consensus\Apocryph.Consensus.csproj", "{422A68C8-B8EA-4527-BFB3-443956F45930}"
EndProject
Project("{FAE04EC0-301F-11D3-BF4B-00C04F79EFBC}") = "Apocryph.Consensus.Dummy.FunctionApp", "src\Apocryph.Consensus.Dummy.FunctionApp\Apocryph.Consensus.Dummy.FunctionApp.csproj", "{F3D1B888-1B91-4F98-8120-881C0F5D4E3E}"
EndProject
Project("{FAE04EC0-301F-11D3-BF4B-00C04F79EFBC}") = "Apocryph.Consensus.Test", "tests\Apocryph.Consensus.Test\Apocryph.Consensus.Test.csproj", "{799EC9D3-9107-42C0-A96F-06358234999F}"
EndProject
Project("{FAE04EC0-301F-11D3-BF4B-00C04F79EFBC}") = "Apocryph.KoTH.FunctionApp", "src\Apocryph.KoTH.FunctionApp\Apocryph.KoTH.FunctionApp.csproj", "{11E0C650-0244-4E08-A957-30D3EA40B25A}"
EndProject
Project("{FAE04EC0-301F-11D3-BF4B-00C04F79EFBC}") = "Apocryph.KoTH.SimpleMiner.FunctionApp", "src\Apocryph.KoTH.SimpleMiner.FunctionApp\Apocryph.KoTH.SimpleMiner.FunctionApp.csproj", "{5BC3B270-1AD8-4E52-B968-9B250CA9B11D}"
EndProject
Project("{FAE04EC0-301F-11D3-BF4B-00C04F79EFBC}") = "Apocryph.KoTH.Test", "tests\Apocryph.KoTH.Test\Apocryph.KoTH.Test.csproj", "{DD891CCF-002F-4B4D-8E14-0C65F17CD225}"
EndProject
Project("{FAE04EC0-301F-11D3-BF4B-00C04F79EFBC}") = "Apocryph.Consensus.Snowball.FunctionApp", "src\Apocryph.Consensus.Snowball.FunctionApp\Apocryph.Consensus.Snowball.FunctionApp.csproj", "{02DE308A-4DAC-4DA6-B42E-CB25E9311040}"
EndProject
Project("{FAE04EC0-301F-11D3-BF4B-00C04F79EFBC}") = "Apocryph.Consensus.Snowball.Test", "tests\Apocryph.Consensus.Snowball.Test\Apocryph.Consensus.Snowball.Test.csproj", "{857A6E43-10CE-45D4-B0AC-378E1C1D71B7}"
EndProject
Project("{FAE04EC0-301F-11D3-BF4B-00C04F79EFBC}") = "Apocryph.Executor.FunctionApp", "src\Apocryph.Executor.FunctionApp\Apocryph.Executor.FunctionApp.csproj", "{175ED76C-3B66-4F7F-9153-44E1C0F071C2}"
EndProject
Project("{FAE04EC0-301F-11D3-BF4B-00C04F79EFBC}") = "Apocryph.Executor.Test", "tests\Apocryph.Executor.Test\Apocryph.Executor.Test.csproj", "{CDAE86D0-B9D5-431D-B78B-C70C5F9C6A6A}"
EndProject
Project("{FAE04EC0-301F-11D3-BF4B-00C04F79EFBC}") = "Apocryph.Ipfs", "src\Apocryph.Ipfs\Apocryph.Ipfs.csproj", "{035EB546-C3FC-4FA0-BAFA-3A7526DE9B64}"
EndProject
Project("{FAE04EC0-301F-11D3-BF4B-00C04F79EFBC}") = "Apocryph.Ipfs.Test", "tests\Apocryph.Ipfs.Test\Apocryph.Ipfs.Test.csproj", "{7A0991FF-3169-4761-8A78-682D35433153}"
EndProject
Project("{FAE04EC0-301F-11D3-BF4B-00C04F79EFBC}") = "Apocryph.Routing.FunctionApp", "src\Apocryph.Routing.FunctionApp\Apocryph.Routing.FunctionApp.csproj", "{AC59B91F-304C-492C-8656-EF6D744AFA30}"
EndProject
Project("{FAE04EC0-301F-11D3-BF4B-00C04F79EFBC}") = "Apocryph.Routing.Test", "tests\Apocryph.Routing.Test\Apocryph.Routing.Test.csproj", "{9DF6594F-7B04-4186-A557-4DBDE083282A}"
EndProject
Global
	GlobalSection(SolutionConfigurationPlatforms) = preSolution
		Debug|Any CPU = Debug|Any CPU
		Debug|x64 = Debug|x64
		Debug|x86 = Debug|x86
		Release|Any CPU = Release|Any CPU
		Release|x64 = Release|x64
		Release|x86 = Release|x86
	EndGlobalSection
	GlobalSection(SolutionProperties) = preSolution
		HideSolutionNode = FALSE
	EndGlobalSection
	GlobalSection(ProjectConfigurationPlatforms) = postSolution
		{422A68C8-B8EA-4527-BFB3-443956F45930}.Debug|Any CPU.ActiveCfg = Debug|Any CPU
		{422A68C8-B8EA-4527-BFB3-443956F45930}.Debug|Any CPU.Build.0 = Debug|Any CPU
		{422A68C8-B8EA-4527-BFB3-443956F45930}.Debug|x64.ActiveCfg = Debug|Any CPU
		{422A68C8-B8EA-4527-BFB3-443956F45930}.Debug|x64.Build.0 = Debug|Any CPU
		{422A68C8-B8EA-4527-BFB3-443956F45930}.Debug|x86.ActiveCfg = Debug|Any CPU
		{422A68C8-B8EA-4527-BFB3-443956F45930}.Debug|x86.Build.0 = Debug|Any CPU
		{422A68C8-B8EA-4527-BFB3-443956F45930}.Release|Any CPU.ActiveCfg = Release|Any CPU
		{422A68C8-B8EA-4527-BFB3-443956F45930}.Release|Any CPU.Build.0 = Release|Any CPU
		{422A68C8-B8EA-4527-BFB3-443956F45930}.Release|x64.ActiveCfg = Release|Any CPU
		{422A68C8-B8EA-4527-BFB3-443956F45930}.Release|x64.Build.0 = Release|Any CPU
		{422A68C8-B8EA-4527-BFB3-443956F45930}.Release|x86.ActiveCfg = Release|Any CPU
		{422A68C8-B8EA-4527-BFB3-443956F45930}.Release|x86.Build.0 = Release|Any CPU
		{F3D1B888-1B91-4F98-8120-881C0F5D4E3E}.Debug|Any CPU.ActiveCfg = Debug|Any CPU
		{F3D1B888-1B91-4F98-8120-881C0F5D4E3E}.Debug|Any CPU.Build.0 = Debug|Any CPU
		{F3D1B888-1B91-4F98-8120-881C0F5D4E3E}.Debug|x64.ActiveCfg = Debug|Any CPU
		{F3D1B888-1B91-4F98-8120-881C0F5D4E3E}.Debug|x64.Build.0 = Debug|Any CPU
		{F3D1B888-1B91-4F98-8120-881C0F5D4E3E}.Debug|x86.ActiveCfg = Debug|Any CPU
		{F3D1B888-1B91-4F98-8120-881C0F5D4E3E}.Debug|x86.Build.0 = Debug|Any CPU
		{F3D1B888-1B91-4F98-8120-881C0F5D4E3E}.Release|Any CPU.ActiveCfg = Release|Any CPU
		{F3D1B888-1B91-4F98-8120-881C0F5D4E3E}.Release|Any CPU.Build.0 = Release|Any CPU
		{F3D1B888-1B91-4F98-8120-881C0F5D4E3E}.Release|x64.ActiveCfg = Release|Any CPU
		{F3D1B888-1B91-4F98-8120-881C0F5D4E3E}.Release|x64.Build.0 = Release|Any CPU
		{F3D1B888-1B91-4F98-8120-881C0F5D4E3E}.Release|x86.ActiveCfg = Release|Any CPU
		{F3D1B888-1B91-4F98-8120-881C0F5D4E3E}.Release|x86.Build.0 = Release|Any CPU
		{799EC9D3-9107-42C0-A96F-06358234999F}.Debug|Any CPU.ActiveCfg = Debug|Any CPU
		{799EC9D3-9107-42C0-A96F-06358234999F}.Debug|Any CPU.Build.0 = Debug|Any CPU
		{799EC9D3-9107-42C0-A96F-06358234999F}.Debug|x64.ActiveCfg = Debug|Any CPU
		{799EC9D3-9107-42C0-A96F-06358234999F}.Debug|x64.Build.0 = Debug|Any CPU
		{799EC9D3-9107-42C0-A96F-06358234999F}.Debug|x86.ActiveCfg = Debug|Any CPU
		{799EC9D3-9107-42C0-A96F-06358234999F}.Debug|x86.Build.0 = Debug|Any CPU
		{799EC9D3-9107-42C0-A96F-06358234999F}.Release|Any CPU.ActiveCfg = Release|Any CPU
		{799EC9D3-9107-42C0-A96F-06358234999F}.Release|Any CPU.Build.0 = Release|Any CPU
		{799EC9D3-9107-42C0-A96F-06358234999F}.Release|x64.ActiveCfg = Release|Any CPU
		{799EC9D3-9107-42C0-A96F-06358234999F}.Release|x64.Build.0 = Release|Any CPU
		{799EC9D3-9107-42C0-A96F-06358234999F}.Release|x86.ActiveCfg = Release|Any CPU
		{799EC9D3-9107-42C0-A96F-06358234999F}.Release|x86.Build.0 = Release|Any CPU
		{11E0C650-0244-4E08-A957-30D3EA40B25A}.Debug|Any CPU.ActiveCfg = Debug|Any CPU
		{11E0C650-0244-4E08-A957-30D3EA40B25A}.Debug|Any CPU.Build.0 = Debug|Any CPU
		{11E0C650-0244-4E08-A957-30D3EA40B25A}.Debug|x64.ActiveCfg = Debug|Any CPU
		{11E0C650-0244-4E08-A957-30D3EA40B25A}.Debug|x64.Build.0 = Debug|Any CPU
		{11E0C650-0244-4E08-A957-30D3EA40B25A}.Debug|x86.ActiveCfg = Debug|Any CPU
		{11E0C650-0244-4E08-A957-30D3EA40B25A}.Debug|x86.Build.0 = Debug|Any CPU
		{11E0C650-0244-4E08-A957-30D3EA40B25A}.Release|Any CPU.ActiveCfg = Release|Any CPU
		{11E0C650-0244-4E08-A957-30D3EA40B25A}.Release|Any CPU.Build.0 = Release|Any CPU
		{11E0C650-0244-4E08-A957-30D3EA40B25A}.Release|x64.ActiveCfg = Release|Any CPU
		{11E0C650-0244-4E08-A957-30D3EA40B25A}.Release|x64.Build.0 = Release|Any CPU
		{11E0C650-0244-4E08-A957-30D3EA40B25A}.Release|x86.ActiveCfg = Release|Any CPU
		{11E0C650-0244-4E08-A957-30D3EA40B25A}.Release|x86.Build.0 = Release|Any CPU
		{5BC3B270-1AD8-4E52-B968-9B250CA9B11D}.Debug|Any CPU.ActiveCfg = Debug|Any CPU
		{5BC3B270-1AD8-4E52-B968-9B250CA9B11D}.Debug|Any CPU.Build.0 = Debug|Any CPU
		{5BC3B270-1AD8-4E52-B968-9B250CA9B11D}.Debug|x64.ActiveCfg = Debug|Any CPU
		{5BC3B270-1AD8-4E52-B968-9B250CA9B11D}.Debug|x64.Build.0 = Debug|Any CPU
		{5BC3B270-1AD8-4E52-B968-9B250CA9B11D}.Debug|x86.ActiveCfg = Debug|Any CPU
		{5BC3B270-1AD8-4E52-B968-9B250CA9B11D}.Debug|x86.Build.0 = Debug|Any CPU
		{5BC3B270-1AD8-4E52-B968-9B250CA9B11D}.Release|Any CPU.ActiveCfg = Release|Any CPU
		{5BC3B270-1AD8-4E52-B968-9B250CA9B11D}.Release|Any CPU.Build.0 = Release|Any CPU
		{5BC3B270-1AD8-4E52-B968-9B250CA9B11D}.Release|x64.ActiveCfg = Release|Any CPU
		{5BC3B270-1AD8-4E52-B968-9B250CA9B11D}.Release|x64.Build.0 = Release|Any CPU
		{5BC3B270-1AD8-4E52-B968-9B250CA9B11D}.Release|x86.ActiveCfg = Release|Any CPU
		{5BC3B270-1AD8-4E52-B968-9B250CA9B11D}.Release|x86.Build.0 = Release|Any CPU
		{DD891CCF-002F-4B4D-8E14-0C65F17CD225}.Debug|Any CPU.ActiveCfg = Debug|Any CPU
		{DD891CCF-002F-4B4D-8E14-0C65F17CD225}.Debug|Any CPU.Build.0 = Debug|Any CPU
		{DD891CCF-002F-4B4D-8E14-0C65F17CD225}.Debug|x64.ActiveCfg = Debug|Any CPU
		{DD891CCF-002F-4B4D-8E14-0C65F17CD225}.Debug|x64.Build.0 = Debug|Any CPU
		{DD891CCF-002F-4B4D-8E14-0C65F17CD225}.Debug|x86.ActiveCfg = Debug|Any CPU
		{DD891CCF-002F-4B4D-8E14-0C65F17CD225}.Debug|x86.Build.0 = Debug|Any CPU
		{DD891CCF-002F-4B4D-8E14-0C65F17CD225}.Release|Any CPU.ActiveCfg = Release|Any CPU
		{DD891CCF-002F-4B4D-8E14-0C65F17CD225}.Release|Any CPU.Build.0 = Release|Any CPU
		{DD891CCF-002F-4B4D-8E14-0C65F17CD225}.Release|x64.ActiveCfg = Release|Any CPU
		{DD891CCF-002F-4B4D-8E14-0C65F17CD225}.Release|x64.Build.0 = Release|Any CPU
		{DD891CCF-002F-4B4D-8E14-0C65F17CD225}.Release|x86.ActiveCfg = Release|Any CPU
		{DD891CCF-002F-4B4D-8E14-0C65F17CD225}.Release|x86.Build.0 = Release|Any CPU
		{02DE308A-4DAC-4DA6-B42E-CB25E9311040}.Debug|Any CPU.ActiveCfg = Debug|Any CPU
		{02DE308A-4DAC-4DA6-B42E-CB25E9311040}.Debug|Any CPU.Build.0 = Debug|Any CPU
		{02DE308A-4DAC-4DA6-B42E-CB25E9311040}.Debug|x64.ActiveCfg = Debug|Any CPU
		{02DE308A-4DAC-4DA6-B42E-CB25E9311040}.Debug|x64.Build.0 = Debug|Any CPU
		{02DE308A-4DAC-4DA6-B42E-CB25E9311040}.Debug|x86.ActiveCfg = Debug|Any CPU
		{02DE308A-4DAC-4DA6-B42E-CB25E9311040}.Debug|x86.Build.0 = Debug|Any CPU
		{02DE308A-4DAC-4DA6-B42E-CB25E9311040}.Release|Any CPU.ActiveCfg = Release|Any CPU
		{02DE308A-4DAC-4DA6-B42E-CB25E9311040}.Release|Any CPU.Build.0 = Release|Any CPU
		{02DE308A-4DAC-4DA6-B42E-CB25E9311040}.Release|x64.ActiveCfg = Release|Any CPU
		{02DE308A-4DAC-4DA6-B42E-CB25E9311040}.Release|x64.Build.0 = Release|Any CPU
		{02DE308A-4DAC-4DA6-B42E-CB25E9311040}.Release|x86.ActiveCfg = Release|Any CPU
		{02DE308A-4DAC-4DA6-B42E-CB25E9311040}.Release|x86.Build.0 = Release|Any CPU
		{857A6E43-10CE-45D4-B0AC-378E1C1D71B7}.Debug|Any CPU.ActiveCfg = Debug|Any CPU
		{857A6E43-10CE-45D4-B0AC-378E1C1D71B7}.Debug|Any CPU.Build.0 = Debug|Any CPU
		{857A6E43-10CE-45D4-B0AC-378E1C1D71B7}.Debug|x64.ActiveCfg = Debug|Any CPU
		{857A6E43-10CE-45D4-B0AC-378E1C1D71B7}.Debug|x64.Build.0 = Debug|Any CPU
		{857A6E43-10CE-45D4-B0AC-378E1C1D71B7}.Debug|x86.ActiveCfg = Debug|Any CPU
		{857A6E43-10CE-45D4-B0AC-378E1C1D71B7}.Debug|x86.Build.0 = Debug|Any CPU
		{857A6E43-10CE-45D4-B0AC-378E1C1D71B7}.Release|Any CPU.ActiveCfg = Release|Any CPU
		{857A6E43-10CE-45D4-B0AC-378E1C1D71B7}.Release|Any CPU.Build.0 = Release|Any CPU
		{857A6E43-10CE-45D4-B0AC-378E1C1D71B7}.Release|x64.ActiveCfg = Release|Any CPU
		{857A6E43-10CE-45D4-B0AC-378E1C1D71B7}.Release|x64.Build.0 = Release|Any CPU
		{857A6E43-10CE-45D4-B0AC-378E1C1D71B7}.Release|x86.ActiveCfg = Release|Any CPU
		{857A6E43-10CE-45D4-B0AC-378E1C1D71B7}.Release|x86.Build.0 = Release|Any CPU
		{175ED76C-3B66-4F7F-9153-44E1C0F071C2}.Debug|Any CPU.ActiveCfg = Debug|Any CPU
		{175ED76C-3B66-4F7F-9153-44E1C0F071C2}.Debug|Any CPU.Build.0 = Debug|Any CPU
		{175ED76C-3B66-4F7F-9153-44E1C0F071C2}.Debug|x64.ActiveCfg = Debug|Any CPU
		{175ED76C-3B66-4F7F-9153-44E1C0F071C2}.Debug|x64.Build.0 = Debug|Any CPU
		{175ED76C-3B66-4F7F-9153-44E1C0F071C2}.Debug|x86.ActiveCfg = Debug|Any CPU
		{175ED76C-3B66-4F7F-9153-44E1C0F071C2}.Debug|x86.Build.0 = Debug|Any CPU
		{175ED76C-3B66-4F7F-9153-44E1C0F071C2}.Release|Any CPU.ActiveCfg = Release|Any CPU
		{175ED76C-3B66-4F7F-9153-44E1C0F071C2}.Release|Any CPU.Build.0 = Release|Any CPU
		{175ED76C-3B66-4F7F-9153-44E1C0F071C2}.Release|x64.ActiveCfg = Release|Any CPU
		{175ED76C-3B66-4F7F-9153-44E1C0F071C2}.Release|x64.Build.0 = Release|Any CPU
		{175ED76C-3B66-4F7F-9153-44E1C0F071C2}.Release|x86.ActiveCfg = Release|Any CPU
		{175ED76C-3B66-4F7F-9153-44E1C0F071C2}.Release|x86.Build.0 = Release|Any CPU
		{CDAE86D0-B9D5-431D-B78B-C70C5F9C6A6A}.Debug|Any CPU.ActiveCfg = Debug|Any CPU
		{CDAE86D0-B9D5-431D-B78B-C70C5F9C6A6A}.Debug|Any CPU.Build.0 = Debug|Any CPU
		{CDAE86D0-B9D5-431D-B78B-C70C5F9C6A6A}.Debug|x64.ActiveCfg = Debug|Any CPU
		{CDAE86D0-B9D5-431D-B78B-C70C5F9C6A6A}.Debug|x64.Build.0 = Debug|Any CPU
		{CDAE86D0-B9D5-431D-B78B-C70C5F9C6A6A}.Debug|x86.ActiveCfg = Debug|Any CPU
		{CDAE86D0-B9D5-431D-B78B-C70C5F9C6A6A}.Debug|x86.Build.0 = Debug|Any CPU
		{CDAE86D0-B9D5-431D-B78B-C70C5F9C6A6A}.Release|Any CPU.ActiveCfg = Release|Any CPU
		{CDAE86D0-B9D5-431D-B78B-C70C5F9C6A6A}.Release|Any CPU.Build.0 = Release|Any CPU
		{CDAE86D0-B9D5-431D-B78B-C70C5F9C6A6A}.Release|x64.ActiveCfg = Release|Any CPU
		{CDAE86D0-B9D5-431D-B78B-C70C5F9C6A6A}.Release|x64.Build.0 = Release|Any CPU
		{CDAE86D0-B9D5-431D-B78B-C70C5F9C6A6A}.Release|x86.ActiveCfg = Release|Any CPU
		{CDAE86D0-B9D5-431D-B78B-C70C5F9C6A6A}.Release|x86.Build.0 = Release|Any CPU
		{035EB546-C3FC-4FA0-BAFA-3A7526DE9B64}.Debug|Any CPU.ActiveCfg = Debug|Any CPU
		{035EB546-C3FC-4FA0-BAFA-3A7526DE9B64}.Debug|Any CPU.Build.0 = Debug|Any CPU
		{035EB546-C3FC-4FA0-BAFA-3A7526DE9B64}.Debug|x64.ActiveCfg = Debug|Any CPU
		{035EB546-C3FC-4FA0-BAFA-3A7526DE9B64}.Debug|x64.Build.0 = Debug|Any CPU
		{035EB546-C3FC-4FA0-BAFA-3A7526DE9B64}.Debug|x86.ActiveCfg = Debug|Any CPU
		{035EB546-C3FC-4FA0-BAFA-3A7526DE9B64}.Debug|x86.Build.0 = Debug|Any CPU
		{035EB546-C3FC-4FA0-BAFA-3A7526DE9B64}.Release|Any CPU.ActiveCfg = Release|Any CPU
		{035EB546-C3FC-4FA0-BAFA-3A7526DE9B64}.Release|Any CPU.Build.0 = Release|Any CPU
		{035EB546-C3FC-4FA0-BAFA-3A7526DE9B64}.Release|x64.ActiveCfg = Release|Any CPU
		{035EB546-C3FC-4FA0-BAFA-3A7526DE9B64}.Release|x64.Build.0 = Release|Any CPU
		{035EB546-C3FC-4FA0-BAFA-3A7526DE9B64}.Release|x86.ActiveCfg = Release|Any CPU
		{035EB546-C3FC-4FA0-BAFA-3A7526DE9B64}.Release|x86.Build.0 = Release|Any CPU
		{7A0991FF-3169-4761-8A78-682D35433153}.Debug|Any CPU.ActiveCfg = Debug|Any CPU
		{7A0991FF-3169-4761-8A78-682D35433153}.Debug|Any CPU.Build.0 = Debug|Any CPU
		{7A0991FF-3169-4761-8A78-682D35433153}.Debug|x64.ActiveCfg = Debug|Any CPU
		{7A0991FF-3169-4761-8A78-682D35433153}.Debug|x64.Build.0 = Debug|Any CPU
		{7A0991FF-3169-4761-8A78-682D35433153}.Debug|x86.ActiveCfg = Debug|Any CPU
		{7A0991FF-3169-4761-8A78-682D35433153}.Debug|x86.Build.0 = Debug|Any CPU
		{7A0991FF-3169-4761-8A78-682D35433153}.Release|Any CPU.ActiveCfg = Release|Any CPU
		{7A0991FF-3169-4761-8A78-682D35433153}.Release|Any CPU.Build.0 = Release|Any CPU
		{7A0991FF-3169-4761-8A78-682D35433153}.Release|x64.ActiveCfg = Release|Any CPU
		{7A0991FF-3169-4761-8A78-682D35433153}.Release|x64.Build.0 = Release|Any CPU
		{7A0991FF-3169-4761-8A78-682D35433153}.Release|x86.ActiveCfg = Release|Any CPU
		{7A0991FF-3169-4761-8A78-682D35433153}.Release|x86.Build.0 = Release|Any CPU
		{AC59B91F-304C-492C-8656-EF6D744AFA30}.Debug|Any CPU.ActiveCfg = Debug|Any CPU
		{AC59B91F-304C-492C-8656-EF6D744AFA30}.Debug|Any CPU.Build.0 = Debug|Any CPU
		{AC59B91F-304C-492C-8656-EF6D744AFA30}.Debug|x64.ActiveCfg = Debug|Any CPU
		{AC59B91F-304C-492C-8656-EF6D744AFA30}.Debug|x64.Build.0 = Debug|Any CPU
		{AC59B91F-304C-492C-8656-EF6D744AFA30}.Debug|x86.ActiveCfg = Debug|Any CPU
		{AC59B91F-304C-492C-8656-EF6D744AFA30}.Debug|x86.Build.0 = Debug|Any CPU
		{AC59B91F-304C-492C-8656-EF6D744AFA30}.Release|Any CPU.ActiveCfg = Release|Any CPU
		{AC59B91F-304C-492C-8656-EF6D744AFA30}.Release|Any CPU.Build.0 = Release|Any CPU
		{AC59B91F-304C-492C-8656-EF6D744AFA30}.Release|x64.ActiveCfg = Release|Any CPU
		{AC59B91F-304C-492C-8656-EF6D744AFA30}.Release|x64.Build.0 = Release|Any CPU
		{AC59B91F-304C-492C-8656-EF6D744AFA30}.Release|x86.ActiveCfg = Release|Any CPU
		{AC59B91F-304C-492C-8656-EF6D744AFA30}.Release|x86.Build.0 = Release|Any CPU
		{9DF6594F-7B04-4186-A557-4DBDE083282A}.Debug|Any CPU.ActiveCfg = Debug|Any CPU
		{9DF6594F-7B04-4186-A557-4DBDE083282A}.Debug|Any CPU.Build.0 = Debug|Any CPU
		{9DF6594F-7B04-4186-A557-4DBDE083282A}.Debug|x64.ActiveCfg = Debug|Any CPU
		{9DF6594F-7B04-4186-A557-4DBDE083282A}.Debug|x64.Build.0 = Debug|Any CPU
		{9DF6594F-7B04-4186-A557-4DBDE083282A}.Debug|x86.ActiveCfg = Debug|Any CPU
		{9DF6594F-7B04-4186-A557-4DBDE083282A}.Debug|x86.Build.0 = Debug|Any CPU
		{9DF6594F-7B04-4186-A557-4DBDE083282A}.Release|Any CPU.ActiveCfg = Release|Any CPU
		{9DF6594F-7B04-4186-A557-4DBDE083282A}.Release|Any CPU.Build.0 = Release|Any CPU
		{9DF6594F-7B04-4186-A557-4DBDE083282A}.Release|x64.ActiveCfg = Release|Any CPU
		{9DF6594F-7B04-4186-A557-4DBDE083282A}.Release|x64.Build.0 = Release|Any CPU
		{9DF6594F-7B04-4186-A557-4DBDE083282A}.Release|x86.ActiveCfg = Release|Any CPU
		{9DF6594F-7B04-4186-A557-4DBDE083282A}.Release|x86.Build.0 = Release|Any CPU
	EndGlobalSection
	GlobalSection(NestedProjects) = preSolution
		{422A68C8-B8EA-4527-BFB3-443956F45930} = {E7399C0B-BA25-4A4E-B97D-14CE02EFD9C6}
		{F3D1B888-1B91-4F98-8120-881C0F5D4E3E} = {E7399C0B-BA25-4A4E-B97D-14CE02EFD9C6}
		{799EC9D3-9107-42C0-A96F-06358234999F} = {0BC23F20-C0FA-417F-8CFB-EE50B82C89DE}
		{11E0C650-0244-4E08-A957-30D3EA40B25A} = {E7399C0B-BA25-4A4E-B97D-14CE02EFD9C6}
		{5BC3B270-1AD8-4E52-B968-9B250CA9B11D} = {E7399C0B-BA25-4A4E-B97D-14CE02EFD9C6}
		{DD891CCF-002F-4B4D-8E14-0C65F17CD225} = {0BC23F20-C0FA-417F-8CFB-EE50B82C89DE}
		{02DE308A-4DAC-4DA6-B42E-CB25E9311040} = {E7399C0B-BA25-4A4E-B97D-14CE02EFD9C6}
		{857A6E43-10CE-45D4-B0AC-378E1C1D71B7} = {0BC23F20-C0FA-417F-8CFB-EE50B82C89DE}
		{175ED76C-3B66-4F7F-9153-44E1C0F071C2} = {E7399C0B-BA25-4A4E-B97D-14CE02EFD9C6}
		{CDAE86D0-B9D5-431D-B78B-C70C5F9C6A6A} = {0BC23F20-C0FA-417F-8CFB-EE50B82C89DE}
		{035EB546-C3FC-4FA0-BAFA-3A7526DE9B64} = {E7399C0B-BA25-4A4E-B97D-14CE02EFD9C6}
		{7A0991FF-3169-4761-8A78-682D35433153} = {0BC23F20-C0FA-417F-8CFB-EE50B82C89DE}
		{AC59B91F-304C-492C-8656-EF6D744AFA30} = {E7399C0B-BA25-4A4E-B97D-14CE02EFD9C6}
		{9DF6594F-7B04-4186-A557-4DBDE083282A} = {0BC23F20-C0FA-417F-8CFB-EE50B82C89DE}
	EndGlobalSection
EndGlobal
